<?xml version="1.0" encoding="utf-8"?>
<Project ToolsVersion="4.0" xmlns="http://schemas.microsoft.com/developer/msbuild/2003">
  <ItemGroup>
    <Filter Include="Source Files">
      <UniqueIdentifier>{4FC737F1-C7A5-4376-A066-2A32D752A2FF}</UniqueIdentifier>
      <Extensions>cpp;c;cc;cxx;def;odl;idl;hpj;bat;asm;asmx</Extensions>
    </Filter>
    <Filter Include="Header Files">
      <UniqueIdentifier>{93995380-89BD-4b04-88EB-625FBE52EBFB}</UniqueIdentifier>
      <Extensions>h;hh;hpp;hxx;hm;inl;inc;xsd</Extensions>
    </Filter>
    <Filter Include="Header Files\World">
      <UniqueIdentifier>{6877b78b-a312-4b92-b254-bfa258658b45}</UniqueIdentifier>
    </Filter>
    <Filter Include="Source Files\World">
      <UniqueIdentifier>{bfa43b7b-bd0a-4713-8b3b-ea72ecb4e50b}</UniqueIdentifier>
    </Filter>
    <Filter Include="Header Files\Resources">
      <UniqueIdentifier>{472e6dca-61c6-4dc2-b52d-d65848495bd5}</UniqueIdentifier>
    </Filter>
    <Filter Include="Header Files\Interfaces">
      <UniqueIdentifier>{b21e4d1e-dee2-470b-9180-2e95a438ae0b}</UniqueIdentifier>
    </Filter>
    <Filter Include="Source Files\Interfaces">
      <UniqueIdentifier>{106c9287-f8bd-4eed-8cf2-59e04ce86e26}</UniqueIdentifier>
    </Filter>
    <Filter Include="Header Files\Unorganized">
      <UniqueIdentifier>{025290fd-d98e-4a08-99b9-1cf2af6b58d5}</UniqueIdentifier>
    </Filter>
    <Filter Include="Source Files\Unorganized">
      <UniqueIdentifier>{7064bb25-feb9-4a18-97d1-bcac4c1afe97}</UniqueIdentifier>
    </Filter>
    <Filter Include="Header Files\Allocators">
      <UniqueIdentifier>{ba95ecde-3993-4cf5-9dbd-5a66ef04cc50}</UniqueIdentifier>
    </Filter>
    <Filter Include="Source Files\Misc">
      <UniqueIdentifier>{644acc46-bed1-494c-9b4d-d1a4ed53000c}</UniqueIdentifier>
    </Filter>
    <Filter Include="Source Files\Shaders">
      <UniqueIdentifier>{cee5a71a-5ba3-487d-a957-7feb717bbaa3}</UniqueIdentifier>
    </Filter>
    <Filter Include="Source Files\Shaders\Fragment">
      <UniqueIdentifier>{a4f26d7d-31c0-435c-b1d5-e5d035815284}</UniqueIdentifier>
    </Filter>
    <Filter Include="Source Files\Shaders\Vertex">
      <UniqueIdentifier>{5d8f7c10-8a6e-43a1-9021-01614f55643d}</UniqueIdentifier>
    </Filter>
    <Filter Include="Header Files\GL">
      <UniqueIdentifier>{f5bd822d-12a0-4df3-8b4d-b77535086a85}</UniqueIdentifier>
    </Filter>
    <Filter Include="Source Files\GL">
      <UniqueIdentifier>{6715b0fc-0082-4526-98fa-12d6c9b0b81a}</UniqueIdentifier>
    </Filter>
    <Filter Include="Source Files\Allocators">
      <UniqueIdentifier>{10baf666-7e0c-48ec-9820-7a56fb6b6f69}</UniqueIdentifier>
    </Filter>
    <Filter Include="Header Files\Standard">
      <UniqueIdentifier>{22ac2a76-ae6d-423c-8b09-47e1063316d1}</UniqueIdentifier>
    </Filter>
    <Filter Include="Source Files\Standard">
      <UniqueIdentifier>{98ab7070-5eaf-439c-94bb-75a0cac2e334}</UniqueIdentifier>
    </Filter>
    <Filter Include="Source Files\Resources">
      <UniqueIdentifier>{8de718a3-8bbd-45b7-a4b5-01ce78f786f7}</UniqueIdentifier>
    </Filter>
    <Filter Include="Resource Files">
      <UniqueIdentifier>{67DA6AB6-F800-4c08-8B7A-83BB121AAD01}</UniqueIdentifier>
      <Extensions>rc;ico;cur;bmp;dlg;rc2;rct;bin;rgs;gif;jpg;jpeg;jpe;resx;tiff;tif;png;wav;mfcribbon-ms</Extensions>
    </Filter>
  </ItemGroup>
  <ItemGroup>
    <ClCompile Include="main.cpp">
      <Filter>Source Files</Filter>
    </ClCompile>
    <ClCompile Include="Node.cpp">
      <Filter>Source Files\World</Filter>
    </ClCompile>
    <ClCompile Include="Entity.cpp">
      <Filter>Source Files\World</Filter>
    </ClCompile>
    <ClCompile Include="Texture.cpp">
      <Filter>Source Files\Resources</Filter>
    </ClCompile>
    <ClCompile Include="Material.cpp">
      <Filter>Source Files\Resources</Filter>
    </ClCompile>
    <ClCompile Include="Mesh.cpp">
      <Filter>Source Files\Resources</Filter>
    </ClCompile>
    <ClCompile Include="SubMesh.cpp">
      <Filter>Source Files\Resources</Filter>
    </ClCompile>
    <ClCompile Include="IIdentifiable.cpp">
      <Filter>Source Files\Interfaces</Filter>
    </ClCompile>
    <ClCompile Include="ArcBallCamera.cpp">
      <Filter>Source Files\Unorganized</Filter>
    </ClCompile>
    <ClCompile Include="Buffers.cpp">
      <Filter>Source Files\Unorganized</Filter>
    </ClCompile>
    <ClCompile Include="Camera.cpp">
      <Filter>Source Files\Unorganized</Filter>
    </ClCompile>
    <ClCompile Include="Clock.cpp">
      <Filter>Source Files\Unorganized</Filter>
    </ClCompile>
    <ClCompile Include="Engine.cpp">
      <Filter>Source Files\Unorganized</Filter>
    </ClCompile>
    <ClCompile Include="HeightMap.cpp">
      <Filter>Source Files\Unorganized</Filter>
    </ClCompile>
    <ClCompile Include="IRenderable.cpp">
      <Filter>Source Files\Unorganized</Filter>
    </ClCompile>
    <ClCompile Include="IControllable.cpp">
      <Filter>Source Files\Unorganized</Filter>
    </ClCompile>
    <ClCompile Include="InputManager.cpp">
      <Filter>Source Files\Unorganized</Filter>
    </ClCompile>
    <ClCompile Include="InputPrinter.cpp">
      <Filter>Source Files\Unorganized</Filter>
    </ClCompile>
    <ClCompile Include="Matrices.cpp">
      <Filter>Source Files\Unorganized</Filter>
    </ClCompile>
    <ClCompile Include="Object.cpp">
      <Filter>Source Files\World</Filter>
    </ClCompile>
    <ClCompile Include="Shader.cpp">
      <Filter>Source Files\GL</Filter>
    </ClCompile>
    <ClCompile Include="Program.cpp">
      <Filter>Source Files\GL</Filter>
    </ClCompile>
    <ClCompile Include="PoolAllocator.cpp">
      <Filter>Source Files\Allocators</Filter>
    </ClCompile>
    <ClCompile Include="StackAllocator.cpp">
      <Filter>Source Files\Allocators</Filter>
    </ClCompile>
    <ClCompile Include="DSStackAllocator.cpp">
      <Filter>Source Files\Allocators</Filter>
    </ClCompile>
    <ClCompile Include="ChunkAllocator.cpp">
      <Filter>Source Files\Allocators</Filter>
    </ClCompile>
    <ClCompile Include="Resources.cpp">
      <Filter>Source Files\Resources</Filter>
    </ClCompile>
    <ClCompile Include="ResourceIds.h">
      <Filter>Header Files\Resources</Filter>
    </ClCompile>
    <ClCompile Include="ResourceDb.cpp">
      <Filter>Source Files\Resources</Filter>
    </ClCompile>
    <ClCompile Include="Octree.cpp">
      <Filter>Source Files\Unorganized</Filter>
    </ClCompile>
  </ItemGroup>
  <ItemGroup>
    <None Include="packages.config" />
    <None Include="glew32.dll">
      <Filter>Source Files\Misc</Filter>
    </None>
    <None Include="glfw3.dll">
      <Filter>Source Files\Misc</Filter>
    </None>
    <None Include="sh_frag_330.glsl">
      <Filter>Source Files\Shaders\Fragment</Filter>
    </None>
    <None Include="sh_vert_330.glsl">
      <Filter>Source Files\Shaders\Vertex</Filter>
    </None>
    <None Include="sh_frag_octree.glsl">
      <Filter>Source Files\Shaders\Fragment</Filter>
    </None>
    <None Include="sh_vert_octree.glsl">
      <Filter>Source Files\Shaders\Vertex</Filter>
    </None>
  </ItemGroup>
  <ItemGroup>
    <ClInclude Include="resource.h">
      <Filter>Header Files</Filter>
    </ClInclude>
    <ClInclude Include="Node.h">
      <Filter>Header Files\World</Filter>
    </ClInclude>
    <ClInclude Include="Entity.h">
      <Filter>Header Files\World</Filter>
    </ClInclude>
    <ClInclude Include="Texture.h">
      <Filter>Header Files\Resources</Filter>
    </ClInclude>
    <ClInclude Include="Material.h">
      <Filter>Header Files\Resources</Filter>
    </ClInclude>
    <ClInclude Include="Mesh.h">
      <Filter>Header Files\Resources</Filter>
    </ClInclude>
    <ClInclude Include="SubMesh.h">
      <Filter>Header Files\Resources</Filter>
    </ClInclude>
    <ClInclude Include="IIdentifiable.h">
      <Filter>Header Files\Interfaces</Filter>
    </ClInclude>
    <ClInclude Include="ArcBallCamera.h">
      <Filter>Header Files\Unorganized</Filter>
    </ClInclude>
    <ClInclude Include="Buffers.h">
      <Filter>Header Files\Unorganized</Filter>
    </ClInclude>
    <ClInclude Include="Camera.h">
      <Filter>Header Files\Unorganized</Filter>
    </ClInclude>
    <ClInclude Include="Clock.h">
      <Filter>Header Files\Unorganized</Filter>
    </ClInclude>
    <ClInclude Include="Constants.h">
      <Filter>Header Files\Unorganized</Filter>
    </ClInclude>
    <ClInclude Include="Engine.h">
      <Filter>Header Files\Unorganized</Filter>
    </ClInclude>
    <ClInclude Include="Graphics.h">
      <Filter>Header Files\Unorganized</Filter>
    </ClInclude>
    <ClInclude Include="HeightMap.h">
      <Filter>Header Files\Unorganized</Filter>
    </ClInclude>
    <ClInclude Include="IControllable.h">
      <Filter>Header Files\Unorganized</Filter>
    </ClInclude>
    <ClInclude Include="Input.h">
      <Filter>Header Files\Unorganized</Filter>
    </ClInclude>
    <ClInclude Include="InputManager.h">
      <Filter>Header Files\Unorganized</Filter>
    </ClInclude>
    <ClInclude Include="InputPrinter.h">
      <Filter>Header Files\Unorganized</Filter>
    </ClInclude>
    <ClInclude Include="IRenderable.h">
      <Filter>Header Files\Unorganized</Filter>
    </ClInclude>
    <ClInclude Include="Platform.h">
      <Filter>Header Files\Unorganized</Filter>
    </ClInclude>
    <ClInclude Include="Primitives.h">
      <Filter>Header Files\Unorganized</Filter>
    </ClInclude>
    <ClInclude Include="ShaderStructs.h">
      <Filter>Header Files\GL</Filter>
    </ClInclude>
    <ClInclude Include="Shader.h">
      <Filter>Header Files\GL</Filter>
    </ClInclude>
    <ClInclude Include="Program.h">
      <Filter>Header Files\GL</Filter>
    </ClInclude>
    <ClInclude Include="Object.h">
      <Filter>Header Files\World</Filter>
    </ClInclude>
    <ClInclude Include="IAllocator.h">
      <Filter>Header Files\Allocators</Filter>
    </ClInclude>
    <ClInclude Include="PoolAllocator.h">
      <Filter>Header Files\Allocators</Filter>
    </ClInclude>
    <ClInclude Include="StackAllocator.h">
      <Filter>Header Files\Allocators</Filter>
    </ClInclude>
    <ClInclude Include="DSStackAllocator.h">
      <Filter>Header Files\Allocators</Filter>
    </ClInclude>
    <ClInclude Include="ChunkAllocator.h">
      <Filter>Header Files\Allocators</Filter>
    </ClInclude>
    <ClInclude Include="IResource.h">
      <Filter>Header Files\Resources</Filter>
    </ClInclude>
    <ClInclude Include="Resources.h">
      <Filter>Header Files\Resources</Filter>
    </ClInclude>
    <ClInclude Include="ResourceDb.h">
      <Filter>Header Files\Resources</Filter>
    </ClInclude>
    <ClInclude Include="Octree.h">
      <Filter>Header Files</Filter>
    </ClInclude>
  </ItemGroup>
  <ItemGroup>
    <Image Include="australia.bmp">
      <Filter>Source Files\Misc</Filter>
    </Image>
    <Image Include="hub_world_1.png">
      <Filter>Source Files\Misc</Filter>
    </Image>
    <Image Include="map.bmp">
      <Filter>Source Files\Misc</Filter>
    </Image>
  </ItemGroup>
</Project>